
Microsoft Visual Studio Solution File, Format Version 12.00
# Visual Studio Version 17
VisualStudioVersion = 17.14.36414.22
MinimumVisualStudioVersion = 10.0.40219.1
Project("{FAE04EC0-301F-11D3-BF4B-00C04F79EFBC}") = "LayoutParserApi", "LayoutParserApi.csproj", "{AFB30829-BBD9-4B35-B8EE-8609934CCC05}"
EndProject
Project("{2150E333-8FDC-42A3-9474-1A3956D46DE8}") = "tests", "tests", "{0AB3BF05-4346-4AA6-1389-037BE0695223}"
EndProject
Project("{FAE04EC0-301F-11D3-BF4B-00C04F79EFBC}") = "LayoutParserApi.Tests", "tests\LayoutParserApi.Tests\LayoutParserApi.Tests.csproj", "{A9990EEC-C375-4FA1-B692-332589752D03}"
EndProject
Project("{2150E333-8FDC-42A3-9474-1A3956D46DE8}") = "ai", "ai", "{BA58FF10-E1F2-1F22-EED5-4647CFF8BF60}"
EndProject
Project("{FAE04EC0-301F-11D3-BF4B-00C04F79EFBC}") = "XslSynth.Contracts", "ai\XslSynth.Contracts\XslSynth.Contracts.csproj", "{3E0DF50F-34FF-484B-9630-520531125C7A}"
EndProject
Project("{FAE04EC0-301F-11D3-BF4B-00C04F79EFBC}") = "XslSynth.Core", "ai\XslSynth.Core\XslSynth.Core.csproj", "{CCCA4C44-25E8-419E-8707-B3D293757B90}"
EndProject
Project("{FAE04EC0-301F-11D3-BF4B-00C04F79EFBC}") = "XslSynth", "ai\XslSynth\XslSynth.csproj", "{ABCFF772-5338-4B37-8343-871DDE85622D}"
EndProject
Project("{FAE04EC0-301F-11D3-BF4B-00C04F79EFBC}") = "XslSynth.Core.Tests", "ai\XslSynth.Core.Tests\XslSynth.Core.Tests.csproj", "{1CE9660A-A4D8-4512-BBE8-450299FEC5F8}"
EndProject
Project("{2150E333-8FDC-42A3-9474-1A3956D46DE8}") = "mcp", "mcp", "{60D02A9B-BD8A-21E2-79E7-27A6B3D0EB49}"
EndProject
Project("{FAE04EC0-301F-11D3-BF4B-00C04F79EFBC}") = "LayoutParserMcp", "mcp\LayoutParserMcp\LayoutParserMcp.csproj", "{6CF88878-296A-4CF7-BC86-39D453885660}"
EndProject
Project("{2150E333-8FDC-42A3-9474-1A3956D46DE8}") = "tools", "tools", "{07C2787E-EAC7-C090-1BA3-A61EC2A24D84}"
EndProject
Project("{2150E333-8FDC-42A3-9474-1A3956D46DE8}") = "LowCodeRunner", "LowCodeRunner", "{8277F2E9-0E76-68C9-7616-EBC58AEA6FEF}"
EndProject
Project("{FAE04EC0-301F-11D3-BF4B-00C04F79EFBC}") = "LayoutParserLowCodeRunner", "tools\LowCodeRunner\LayoutParserLowCodeRunner.csproj", "{BCFBC8F9-D793-441D-BC08-56806D458579}"
EndProject
Global
	GlobalSection(SolutionConfigurationPlatforms) = preSolution
		Debug|Any CPU = Debug|Any CPU
		Debug|x64 = Debug|x64
		Debug|x86 = Debug|x86
		Release|Any CPU = Release|Any CPU
		Release|x64 = Release|x64
		Release|x86 = Release|x86
	EndGlobalSection
	GlobalSection(ProjectConfigurationPlatforms) = postSolution
		{AFB30829-BBD9-4B35-B8EE-8609934CCC05}.Debug|Any CPU.ActiveCfg = Debug|Any CPU
		{AFB30829-BBD9-4B35-B8EE-8609934CCC05}.Debug|Any CPU.Build.0 = Debug|Any CPU
		{AFB30829-BBD9-4B35-B8EE-8609934CCC05}.Debug|x64.ActiveCfg = Debug|Any CPU
		{AFB30829-BBD9-4B35-B8EE-8609934CCC05}.Debug|x64.Build.0 = Debug|Any CPU
		{AFB30829-BBD9-4B35-B8EE-8609934CCC05}.Debug|x86.ActiveCfg = Debug|Any CPU
		{AFB30829-BBD9-4B35-B8EE-8609934CCC05}.Debug|x86.Build.0 = Debug|Any CPU
		{AFB30829-BBD9-4B35-B8EE-8609934CCC05}.Release|Any CPU.ActiveCfg = Release|Any CPU
		{AFB30829-BBD9-4B35-B8EE-8609934CCC05}.Release|Any CPU.Build.0 = Release|Any CPU
		{AFB30829-BBD9-4B35-B8EE-8609934CCC05}.Release|x64.ActiveCfg = Release|Any CPU
		{AFB30829-BBD9-4B35-B8EE-8609934CCC05}.Release|x64.Build.0 = Release|Any CPU
		{AFB30829-BBD9-4B35-B8EE-8609934CCC05}.Release|x86.ActiveCfg = Release|Any CPU
		{AFB30829-BBD9-4B35-B8EE-8609934CCC05}.Release|x86.Build.0 = Release|Any CPU
		{A9990EEC-C375-4FA1-B692-332589752D03}.Debug|Any CPU.ActiveCfg = Debug|Any CPU
		{A9990EEC-C375-4FA1-B692-332589752D03}.Debug|Any CPU.Build.0 = Debug|Any CPU
		{A9990EEC-C375-4FA1-B692-332589752D03}.Debug|x64.ActiveCfg = Debug|Any CPU
		{A9990EEC-C375-4FA1-B692-332589752D03}.Debug|x64.Build.0 = Debug|Any CPU
		{A9990EEC-C375-4FA1-B692-332589752D03}.Debug|x86.ActiveCfg = Debug|Any CPU
		{A9990EEC-C375-4FA1-B692-332589752D03}.Debug|x86.Build.0 = Debug|Any CPU
		{A9990EEC-C375-4FA1-B692-332589752D03}.Release|Any CPU.ActiveCfg = Release|Any CPU
		{A9990EEC-C375-4FA1-B692-332589752D03}.Release|Any CPU.Build.0 = Release|Any CPU
		{A9990EEC-C375-4FA1-B692-332589752D03}.Release|x64.ActiveCfg = Release|Any CPU
		{A9990EEC-C375-4FA1-B692-332589752D03}.Release|x64.Build.0 = Release|Any CPU
		{A9990EEC-C375-4FA1-B692-332589752D03}.Release|x86.ActiveCfg = Release|Any CPU
		{A9990EEC-C375-4FA1-B692-332589752D03}.Release|x86.Build.0 = Release|Any CPU
		{3E0DF50F-34FF-484B-9630-520531125C7A}.Debug|Any CPU.ActiveCfg = Debug|Any CPU
		{3E0DF50F-34FF-484B-9630-520531125C7A}.Debug|Any CPU.Build.0 = Debug|Any CPU
		{3E0DF50F-34FF-484B-9630-520531125C7A}.Debug|x64.ActiveCfg = Debug|Any CPU
		{3E0DF50F-34FF-484B-9630-520531125C7A}.Debug|x64.Build.0 = Debug|Any CPU
		{3E0DF50F-34FF-484B-9630-520531125C7A}.Debug|x86.ActiveCfg = Debug|Any CPU
		{3E0DF50F-34FF-484B-9630-520531125C7A}.Debug|x86.Build.0 = Debug|Any CPU
		{3E0DF50F-34FF-484B-9630-520531125C7A}.Release|Any CPU.ActiveCfg = Release|Any CPU
		{3E0DF50F-34FF-484B-9630-520531125C7A}.Release|Any CPU.Build.0 = Release|Any CPU
		{3E0DF50F-34FF-484B-9630-520531125C7A}.Release|x64.ActiveCfg = Release|Any CPU
		{3E0DF50F-34FF-484B-9630-520531125C7A}.Release|x64.Build.0 = Release|Any CPU
		{3E0DF50F-34FF-484B-9630-520531125C7A}.Release|x86.ActiveCfg = Release|Any CPU
		{3E0DF50F-34FF-484B-9630-520531125C7A}.Release|x86.Build.0 = Release|Any CPU
		{CCCA4C44-25E8-419E-8707-B3D293757B90}.Debug|Any CPU.ActiveCfg = Debug|Any CPU
		{CCCA4C44-25E8-419E-8707-B3D293757B90}.Debug|Any CPU.Build.0 = Debug|Any CPU
		{CCCA4C44-25E8-419E-8707-B3D293757B90}.Debug|x64.ActiveCfg = Debug|Any CPU
		{CCCA4C44-25E8-419E-8707-B3D293757B90}.Debug|x64.Build.0 = Debug|Any CPU
		{CCCA4C44-25E8-419E-8707-B3D293757B90}.Debug|x86.ActiveCfg = Debug|Any CPU
		{CCCA4C44-25E8-419E-8707-B3D293757B90}.Debug|x86.Build.0 = Debug|Any CPU
		{CCCA4C44-25E8-419E-8707-B3D293757B90}.Release|Any CPU.ActiveCfg = Release|Any CPU
		{CCCA4C44-25E8-419E-8707-B3D293757B90}.Release|Any CPU.Build.0 = Release|Any CPU
		{CCCA4C44-25E8-419E-8707-B3D293757B90}.Release|x64.ActiveCfg = Release|Any CPU
		{CCCA4C44-25E8-419E-8707-B3D293757B90}.Release|x64.Build.0 = Release|Any CPU
		{CCCA4C44-25E8-419E-8707-B3D293757B90}.Release|x86.ActiveCfg = Release|Any CPU
		{CCCA4C44-25E8-419E-8707-B3D293757B90}.Release|x86.Build.0 = Release|Any CPU
		{ABCFF772-5338-4B37-8343-871DDE85622D}.Debug|Any CPU.ActiveCfg = Debug|Any CPU
		{ABCFF772-5338-4B37-8343-871DDE85622D}.Debug|Any CPU.Build.0 = Debug|Any CPU
		{ABCFF772-5338-4B37-8343-871DDE85622D}.Debug|x64.ActiveCfg = Debug|Any CPU
		{ABCFF772-5338-4B37-8343-871DDE85622D}.Debug|x64.Build.0 = Debug|Any CPU
		{ABCFF772-5338-4B37-8343-871DDE85622D}.Debug|x86.ActiveCfg = Debug|Any CPU
		{ABCFF772-5338-4B37-8343-871DDE85622D}.Debug|x86.Build.0 = Debug|Any CPU
		{ABCFF772-5338-4B37-8343-871DDE85622D}.Release|Any CPU.ActiveCfg = Release|Any CPU
		{ABCFF772-5338-4B37-8343-871DDE85622D}.Release|Any CPU.Build.0 = Release|Any CPU
		{ABCFF772-5338-4B37-8343-871DDE85622D}.Release|x64.ActiveCfg = Release|Any CPU
		{ABCFF772-5338-4B37-8343-871DDE85622D}.Release|x64.Build.0 = Release|Any CPU
		{ABCFF772-5338-4B37-8343-871DDE85622D}.Release|x86.ActiveCfg = Release|Any CPU
		{ABCFF772-5338-4B37-8343-871DDE85622D}.Release|x86.Build.0 = Release|Any CPU
		{1CE9660A-A4D8-4512-BBE8-450299FEC5F8}.Debug|Any CPU.ActiveCfg = Debug|Any CPU
		{1CE9660A-A4D8-4512-BBE8-450299FEC5F8}.Debug|Any CPU.Build.0 = Debug|Any CPU
		{1CE9660A-A4D8-4512-BBE8-450299FEC5F8}.Debug|x64.ActiveCfg = Debug|Any CPU
		{1CE9660A-A4D8-4512-BBE8-450299FEC5F8}.Debug|x64.Build.0 = Debug|Any CPU
		{1CE9660A-A4D8-4512-BBE8-450299FEC5F8}.Debug|x86.ActiveCfg = Debug|Any CPU
		{1CE9660A-A4D8-4512-BBE8-450299FEC5F8}.Debug|x86.Build.0 = Debug|Any CPU
		{1CE9660A-A4D8-4512-BBE8-450299FEC5F8}.Release|Any CPU.ActiveCfg = Release|Any CPU
		{1CE9660A-A4D8-4512-BBE8-450299FEC5F8}.Release|Any CPU.Build.0 = Release|Any CPU
		{1CE9660A-A4D8-4512-BBE8-450299FEC5F8}.Release|x64.ActiveCfg = Release|Any CPU
		{1CE9660A-A4D8-4512-BBE8-450299FEC5F8}.Release|x64.Build.0 = Release|Any CPU
		{1CE9660A-A4D8-4512-BBE8-450299FEC5F8}.Release|x86.ActiveCfg = Release|Any CPU
		{1CE9660A-A4D8-4512-BBE8-450299FEC5F8}.Release|x86.Build.0 = Release|Any CPU
		{6CF88878-296A-4CF7-BC86-39D453885660}.Debug|Any CPU.ActiveCfg = Debug|Any CPU
		{6CF88878-296A-4CF7-BC86-39D453885660}.Debug|Any CPU.Build.0 = Debug|Any CPU
		{6CF88878-296A-4CF7-BC86-39D453885660}.Debug|x64.ActiveCfg = Debug|Any CPU
		{6CF88878-296A-4CF7-BC86-39D453885660}.Debug|x64.Build.0 = Debug|Any CPU
		{6CF88878-296A-4CF7-BC86-39D453885660}.Debug|x86.ActiveCfg = Debug|Any CPU
		{6CF88878-296A-4CF7-BC86-39D453885660}.Debug|x86.Build.0 = Debug|Any CPU
		{6CF88878-296A-4CF7-BC86-39D453885660}.Release|Any CPU.ActiveCfg = Release|Any CPU
		{6CF88878-296A-4CF7-BC86-39D453885660}.Release|Any CPU.Build.0 = Release|Any CPU
		{6CF88878-296A-4CF7-BC86-39D453885660}.Release|x64.ActiveCfg = Release|Any CPU
		{6CF88878-296A-4CF7-BC86-39D453885660}.Release|x64.Build.0 = Release|Any CPU
		{6CF88878-296A-4CF7-BC86-39D453885660}.Release|x86.ActiveCfg = Release|Any CPU
		{6CF88878-296A-4CF7-BC86-39D453885660}.Release|x86.Build.0 = Release|Any CPU
		{BCFBC8F9-D793-441D-BC08-56806D458579}.Debug|Any CPU.ActiveCfg = Debug|Any CPU
		{BCFBC8F9-D793-441D-BC08-56806D458579}.Debug|Any CPU.Build.0 = Debug|Any CPU
		{BCFBC8F9-D793-441D-BC08-56806D458579}.Debug|x64.ActiveCfg = Debug|Any CPU
		{BCFBC8F9-D793-441D-BC08-56806D458579}.Debug|x64.Build.0 = Debug|Any CPU
		{BCFBC8F9-D793-441D-BC08-56806D458579}.Debug|x86.ActiveCfg = Debug|Any CPU
		{BCFBC8F9-D793-441D-BC08-56806D458579}.Debug|x86.Build.0 = Debug|Any CPU
		{BCFBC8F9-D793-441D-BC08-56806D458579}.Release|Any CPU.ActiveCfg = Release|Any CPU
		{BCFBC8F9-D793-441D-BC08-56806D458579}.Release|Any CPU.Build.0 = Release|Any CPU
		{BCFBC8F9-D793-441D-BC08-56806D458579}.Release|x64.ActiveCfg = Release|Any CPU
		{BCFBC8F9-D793-441D-BC08-56806D458579}.Release|x64.Build.0 = Release|Any CPU
		{BCFBC8F9-D793-441D-BC08-56806D458579}.Release|x86.ActiveCfg = Release|Any CPU
		{BCFBC8F9-D793-441D-BC08-56806D458579}.Release|x86.Build.0 = Release|Any CPU
	EndGlobalSection
	GlobalSection(SolutionProperties) = preSolution
		HideSolutionNode = FALSE
	EndGlobalSection
	GlobalSection(NestedProjects) = preSolution
		{A9990EEC-C375-4FA1-B692-332589752D03} = {0AB3BF05-4346-4AA6-1389-037BE0695223}
		{3E0DF50F-34FF-484B-9630-520531125C7A} = {BA58FF10-E1F2-1F22-EED5-4647CFF8BF60}
		{CCCA4C44-25E8-419E-8707-B3D293757B90} = {BA58FF10-E1F2-1F22-EED5-4647CFF8BF60}
		{ABCFF772-5338-4B37-8343-871DDE85622D} = {BA58FF10-E1F2-1F22-EED5-4647CFF8BF60}
		{1CE9660A-A4D8-4512-BBE8-450299FEC5F8} = {BA58FF10-E1F2-1F22-EED5-4647CFF8BF60}
		{6CF88878-296A-4CF7-BC86-39D453885660} = {60D02A9B-BD8A-21E2-79E7-27A6B3D0EB49}
		{8277F2E9-0E76-68C9-7616-EBC58AEA6FEF} = {07C2787E-EAC7-C090-1BA3-A61EC2A24D84}
		{BCFBC8F9-D793-441D-BC08-56806D458579} = {8277F2E9-0E76-68C9-7616-EBC58AEA6FEF}
	EndGlobalSection
	GlobalSection(ExtensibilityGlobals) = postSolution
		SolutionGuid = {E72B84D0-3985-4810-87BB-E6F5DFAF2EA4}
	EndGlobalSection
EndGlobal
